{
  "nodes": {
    "home-manager": {
      "inputs": {
        "nixpkgs": [
          "nixpkgs"
        ]
      },
      "locked": {
        "lastModified": 1687647567,
        "narHash": "sha256-Ua90LZYJO7/7KW/KK/AqijhIekd+wxPwbVKXuBYzJeQ=",
        "owner": "nix-community",
        "repo": "home-manager",
        "rev": "6ca1e16eb3016c94b7ac16699e1d4158bd4e39a4",
        "type": "github"
      },
      "original": {
        "owner": "nix-community",
        "ref": "release-23.05",
        "repo": "home-manager",
        "type": "github"
      }
    },
    "nixpkgs": {
      "locked": {
        "lastModified": 1687729501,
        "narHash": "sha256-mTLkMePoHUWvTCf3NuKbeYEea/tsikSIKBWwb9OfRr4=",
        "owner": "nixos",
        "repo": "nixpkgs",
        "rev": "35130d4b4f0b8c50ed2aceb909a538c66c91d4a0",
        "type": "github"
      },
      "original": {
        "owner": "nixos",
        "ref": "nixos-23.05",
        "repo": "nixpkgs",
        "type": "github"
      }
    },
    "root": {
      "inputs": {
        "home-manager": "home-manager",
        "nixpkgs": "nixpkgs",
        "touhou-cursors": "touhou-cursors"
      }
    },
    "touhou-cursors": {
      "flake": false,
      "locked": {
        "lastModified": 1687768710,
        "narHash": "sha256-ND9D395vE/+0UkAto3H+LXCqeLKFpbXtLtNA/cr4/1I=",
        "owner": "mabequinho",
        "repo": "touhou-cursors",
        "rev": "3b6c885b210e2406d33f3f5c1352a7dfe8b1d75b",
        "type": "github"
      },
      "original": {
        "owner": "mabequinho",
        "repo": "touhou-cursors",
        "type": "github"
      }
    }
  },
  "root": "root",
  "version": 7
}
