{
  "nodes": {
    "home-manager": {
      "inputs": {
        "nixpkgs": [
          "nixpkgs"
        ]
      },
      "locked": {
        "lastModified": 1686906624,
        "narHash": "sha256-vnIphcebPj5ZULffUL3GP30O9RDX7zTPmhvUw2/rut8=",
        "owner": "nix-community",
        "repo": "home-manager",
        "rev": "ea2f17615e31783ace1271a3325e9cac27c3b4d8",
        "type": "github"
      },
      "original": {
        "owner": "nix-community",
        "ref": "master",
        "repo": "home-manager",
        "type": "github"
      }
    },
    "homeage": {
      "inputs": {
        "nixpkgs": [
          "nixpkgs"
        ]
      },
      "locked": {
        "lastModified": 1669234151,
        "narHash": "sha256-TwT87E3m2TZLgwYJESlype14HxUOrRGojPM5C2akrMg=",
        "owner": "jordanisaacs",
        "repo": "homeage",
        "rev": "02bfe4ca06962d222e522fff0240c93946b20278",
        "type": "github"
      },
      "original": {
        "owner": "jordanisaacs",
        "repo": "homeage",
        "type": "github"
      }
    },
    "nixpkgs": {
      "locked": {
        "lastModified": 1686828063,
        "narHash": "sha256-Cv0Sx1N5+3xBDF5OnmFU3Qoh9OqZmXDBKg1fgXlXTWs=",
        "owner": "nixos",
        "repo": "nixpkgs",
        "rev": "683f2f5ba2ea54abb633d0b17bc9f7f6dede5799",
        "type": "github"
      },
      "original": {
        "owner": "nixos",
        "ref": "nixpkgs-unstable",
        "repo": "nixpkgs",
        "type": "github"
      }
    },
    "root": {
      "inputs": {
        "home-manager": "home-manager",
        "homeage": "homeage",
        "nixpkgs": "nixpkgs"
      }
    }
  },
  "root": "root",
  "version": 7
}
